// !$*UTF8*$!
{
	archiveVersion = 1;
	classes = {
	};
	objectVersion = 56;
	objects = {

/* Begin PBXBuildFile section */
		5630D98429D2B61300A41071 /* CafeApp.swift in Sources */ = {isa = PBXBuildFile; fileRef = 5630D98329D2B61300A41071 /* CafeApp.swift */; };
		5630D98629D2B61300A41071 /* MainTabView.swift in Sources */ = {isa = PBXBuildFile; fileRef = 5630D98529D2B61300A41071 /* MainTabView.swift */; };
		5630D98829D2B61400A41071 /* Assets.xcassets in Resources */ = {isa = PBXBuildFile; fileRef = 5630D98729D2B61400A41071 /* Assets.xcassets */; };
		5630D98B29D2B61400A41071 /* Preview Assets.xcassets in Resources */ = {isa = PBXBuildFile; fileRef = 5630D98A29D2B61400A41071 /* Preview Assets.xcassets */; };
		5630D99229D2C4C800A41071 /* Tab.swift in Sources */ = {isa = PBXBuildFile; fileRef = 5630D99129D2C4C800A41071 /* Tab.swift */; };
		5630D99529D2C87C00A41071 /* MenuSuggestionSection.swift in Sources */ = {isa = PBXBuildFile; fileRef = 5630D99429D2C87C00A41071 /* MenuSuggestionSection.swift */; };
		5630D99729D2C92B00A41071 /* CoffeMenu.swift in Sources */ = {isa = PBXBuildFile; fileRef = 5630D99629D2C92B00A41071 /* CoffeMenu.swift */; };
		5630D99929D2D04000A41071 /* EventSection.swift in Sources */ = {isa = PBXBuildFile; fileRef = 5630D99829D2D04000A41071 /* EventSection.swift */; };
		5630D99B29D2D0BB00A41071 /* Event.swift in Sources */ = {isa = PBXBuildFile; fileRef = 5630D99A29D2D0BB00A41071 /* Event.swift */; };
		5630D99D29D303F500A41071 /* HomeVIew.swift in Sources */ = {isa = PBXBuildFile; fileRef = 5630D99C29D303F500A41071 /* HomeVIew.swift */; };
		5630D99F29D3047900A41071 /* HomeHeaderVIew.swift in Sources */ = {isa = PBXBuildFile; fileRef = 5630D99E29D3047800A41071 /* HomeHeaderVIew.swift */; };
		5630D9A229D30DA800A41071 /* User.swift in Sources */ = {isa = PBXBuildFile; fileRef = 5630D9A129D30DA800A41071 /* User.swift */; };
		5630D9A629D4012500A41071 /* OtherView.swift in Sources */ = {isa = PBXBuildFile; fileRef = 5630D9A529D4012500A41071 /* OtherView.swift */; };
		5630D9AB29D4039C00A41071 /* SettingMenu.swift in Sources */ = {isa = PBXBuildFile; fileRef = 5630D9AA29D4039C00A41071 /* SettingMenu.swift */; };
		5630D9AD29D40D5E00A41071 /* SettingView.swift in Sources */ = {isa = PBXBuildFile; fileRef = 5630D9AC29D40D5E00A41071 /* SettingView.swift */; };
		5630D9AF29D414A000A41071 /* HomeViewModel.swift in Sources */ = {isa = PBXBuildFile; fileRef = 5630D9AE29D414A000A41071 /* HomeViewModel.swift */; };
/* End PBXBuildFile section */

/* Begin PBXFileReference section */
		5630D98029D2B61300A41071 /* Cafe.app */ = {isa = PBXFileReference; explicitFileType = wrapper.application; includeInIndex = 0; path = Cafe.app; sourceTree = BUILT_PRODUCTS_DIR; };
		5630D98329D2B61300A41071 /* CafeApp.swift */ = {isa = PBXFileReference; lastKnownFileType = sourcecode.swift; path = CafeApp.swift; sourceTree = "<group>"; };
		5630D98529D2B61300A41071 /* MainTabView.swift */ = {isa = PBXFileReference; lastKnownFileType = sourcecode.swift; path = MainTabView.swift; sourceTree = "<group>"; };
		5630D98729D2B61400A41071 /* Assets.xcassets */ = {isa = PBXFileReference; lastKnownFileType = folder.assetcatalog; path = Assets.xcassets; sourceTree = "<group>"; };
		5630D98A29D2B61400A41071 /* Preview Assets.xcassets */ = {isa = PBXFileReference; lastKnownFileType = folder.assetcatalog; path = "Preview Assets.xcassets"; sourceTree = "<group>"; };
		5630D99129D2C4C800A41071 /* Tab.swift */ = {isa = PBXFileReference; lastKnownFileType = sourcecode.swift; path = Tab.swift; sourceTree = "<group>"; };
		5630D99429D2C87C00A41071 /* MenuSuggestionSection.swift */ = {isa = PBXFileReference; lastKnownFileType = sourcecode.swift; path = MenuSuggestionSection.swift; sourceTree = "<group>"; };
		5630D99629D2C92B00A41071 /* CoffeMenu.swift */ = {isa = PBXFileReference; lastKnownFileType = sourcecode.swift; path = CoffeMenu.swift; sourceTree = "<group>"; };
		5630D99829D2D04000A41071 /* EventSection.swift */ = {isa = PBXFileReference; lastKnownFileType = sourcecode.swift; path = EventSection.swift; sourceTree = "<group>"; };
		5630D99A29D2D0BB00A41071 /* Event.swift */ = {isa = PBXFileReference; lastKnownFileType = sourcecode.swift; path = Event.swift; sourceTree = "<group>"; };
		5630D99C29D303F500A41071 /* HomeVIew.swift */ = {isa = PBXFileReference; lastKnownFileType = sourcecode.swift; path = HomeVIew.swift; sourceTree = "<group>"; };
		5630D99E29D3047800A41071 /* HomeHeaderVIew.swift */ = {isa = PBXFileReference; lastKnownFileType = sourcecode.swift; path = HomeHeaderVIew.swift; sourceTree = "<group>"; };
		5630D9A129D30DA800A41071 /* User.swift */ = {isa = PBXFileReference; lastKnownFileType = sourcecode.swift; path = User.swift; sourceTree = "<group>"; };
		5630D9A529D4012500A41071 /* OtherView.swift */ = {isa = PBXFileReference; lastKnownFileType = sourcecode.swift; path = OtherView.swift; sourceTree = "<group>"; };
		5630D9AA29D4039C00A41071 /* SettingMenu.swift */ = {isa = PBXFileReference; lastKnownFileType = sourcecode.swift; path = SettingMenu.swift; sourceTree = "<group>"; };
		5630D9AC29D40D5E00A41071 /* SettingView.swift */ = {isa = PBXFileReference; lastKnownFileType = sourcecode.swift; path = SettingView.swift; sourceTree = "<group>"; };
		5630D9AE29D414A000A41071 /* HomeViewModel.swift */ = {isa = PBXFileReference; lastKnownFileType = sourcecode.swift; path = HomeViewModel.swift; sourceTree = "<group>"; };
/* End PBXFileReference section */

/* Begin PBXFrameworksBuildPhase section */
		5630D97D29D2B61300A41071 /* Frameworks */ = {
			isa = PBXFrameworksBuildPhase;
			buildActionMask = 2147483647;
			files = (
			);
			runOnlyForDeploymentPostprocessing = 0;
		};
/* End PBXFrameworksBuildPhase section */

/* Begin PBXGroup section */
		5630D97729D2B61300A41071 = {
			isa = PBXGroup;
			children = (
				5630D98229D2B61300A41071 /* Cafe */,
				5630D98129D2B61300A41071 /* Products */,
			);
			sourceTree = "<group>";
		};
		5630D98129D2B61300A41071 /* Products */ = {
			isa = PBXGroup;
			children = (
				5630D98029D2B61300A41071 /* Cafe.app */,
			);
			name = Products;
			sourceTree = "<group>";
		};
		5630D98229D2B61300A41071 /* Cafe */ = {
			isa = PBXGroup;
			children = (
				5630D98329D2B61300A41071 /* CafeApp.swift */,
				5630D99329D2C85D00A41071 /* UI */,
				5630D98729D2B61400A41071 /* Assets.xcassets */,
				5630D98929D2B61400A41071 /* Preview Content */,
				5630D99629D2C92B00A41071 /* CoffeMenu.swift */,
				5630D9AA29D4039C00A41071 /* SettingMenu.swift */,
				5630D99A29D2D0BB00A41071 /* Event.swift */,
				5630D9A029D3049300A41071 /* Home */,
				5630D9A129D30DA800A41071 /* User.swift */,
				5630D9A729D4018C00A41071 /* Other */,
			);
			path = Cafe;
			sourceTree = "<group>";
		};
		5630D98929D2B61400A41071 /* Preview Content */ = {
			isa = PBXGroup;
			children = (
				5630D98A29D2B61400A41071 /* Preview Assets.xcassets */,
			);
			path = "Preview Content";
			sourceTree = "<group>";
		};
		5630D99329D2C85D00A41071 /* UI */ = {
			isa = PBXGroup;
			children = (
				5630D98529D2B61300A41071 /* MainTabView.swift */,
				5630D99129D2C4C800A41071 /* Tab.swift */,
			);
			path = UI;
			sourceTree = "<group>";
		};
		5630D9A029D3049300A41071 /* Home */ = {
			isa = PBXGroup;
			children = (
				5630D99C29D303F500A41071 /* HomeVIew.swift */,
				5630D99E29D3047800A41071 /* HomeHeaderVIew.swift */,
				5630D99429D2C87C00A41071 /* MenuSuggestionSection.swift */,
				5630D99829D2D04000A41071 /* EventSection.swift */,
				5630D9AE29D414A000A41071 /* HomeViewModel.swift */,
			);
			path = Home;
			sourceTree = "<group>";
		};
		5630D9A729D4018C00A41071 /* Other */ = {
			isa = PBXGroup;
			children = (
				5630D9A529D4012500A41071 /* OtherView.swift */,
				5630D9AC29D40D5E00A41071 /* SettingView.swift */,
			);
			path = Other;
			sourceTree = "<group>";
		};
/* End PBXGroup section */

/* Begin PBXNativeTarget section */
		5630D97F29D2B61300A41071 /* Cafe */ = {
			isa = PBXNativeTarget;
			buildConfigurationList = 5630D98E29D2B61400A41071 /* Build configuration list for PBXNativeTarget "Cafe" */;
			buildPhases = (
				5630D97C29D2B61300A41071 /* Sources */,
				5630D97D29D2B61300A41071 /* Frameworks */,
				5630D97E29D2B61300A41071 /* Resources */,
			);
			buildRules = (
			);
			dependencies = (
			);
			name = Cafe;
			productName = Cafe;
			productReference = 5630D98029D2B61300A41071 /* Cafe.app */;
			productType = "com.apple.product-type.application";
		};
/* End PBXNativeTarget section */

/* Begin PBXProject section */
		5630D97829D2B61300A41071 /* Project object */ = {
			isa = PBXProject;
			attributes = {
				BuildIndependentTargetsInParallel = 1;
				LastSwiftUpdateCheck = 1420;
				LastUpgradeCheck = 1420;
				TargetAttributes = {
					5630D97F29D2B61300A41071 = {
						CreatedOnToolsVersion = 14.2;
					};
				};
			};
			buildConfigurationList = 5630D97B29D2B61300A41071 /* Build configuration list for PBXProject "Cafe" */;
			compatibilityVersion = "Xcode 14.0";
			developmentRegion = en;
			hasScannedForEncodings = 0;
			knownRegions = (
				en,
				Base,
			);
			mainGroup = 5630D97729D2B61300A41071;
			productRefGroup = 5630D98129D2B61300A41071 /* Products */;
			projectDirPath = "";
			projectRoot = "";
			targets = (
				5630D97F29D2B61300A41071 /* Cafe */,
			);
		};
/* End PBXProject section */

/* Begin PBXResourcesBuildPhase section */
		5630D97E29D2B61300A41071 /* Resources */ = {
			isa = PBXResourcesBuildPhase;
			buildActionMask = 2147483647;
			files = (
				5630D98B29D2B61400A41071 /* Preview Assets.xcassets in Resources */,
				5630D98829D2B61400A41071 /* Assets.xcassets in Resources */,
			);
			runOnlyForDeploymentPostprocessing = 0;
		};
/* End PBXResourcesBuildPhase section */

/* Begin PBXSourcesBuildPhase section */
		5630D97C29D2B61300A41071 /* Sources */ = {
			isa = PBXSourcesBuildPhase;
			buildActionMask = 2147483647;
			files = (
				5630D99529D2C87C00A41071 /* MenuSuggestionSection.swift in Sources */,
				5630D99729D2C92B00A41071 /* CoffeMenu.swift in Sources */,
				5630D99229D2C4C800A41071 /* Tab.swift in Sources */,
				5630D98629D2B61300A41071 /* MainTabView.swift in Sources */,
				5630D99929D2D04000A41071 /* EventSection.swift in Sources */,
				5630D9A629D4012500A41071 /* OtherView.swift in Sources */,
				5630D99F29D3047900A41071 /* HomeHeaderVIew.swift in Sources */,
				5630D99D29D303F500A41071 /* HomeVIew.swift in Sources */,
				5630D9AD29D40D5E00A41071 /* SettingView.swift in Sources */,
				5630D9AF29D414A000A41071 /* HomeViewModel.swift in Sources */,
				5630D99B29D2D0BB00A41071 /* Event.swift in Sources */,
				5630D9A229D30DA800A41071 /* User.swift in Sources */,
				5630D9AB29D4039C00A41071 /* SettingMenu.swift in Sources */,
				5630D98429D2B61300A41071 /* CafeApp.swift in Sources */,
			);
			runOnlyForDeploymentPostprocessing = 0;
		};
/* End PBXSourcesBuildPhase section */

/* Begin XCBuildConfiguration section */
		5630D98C29D2B61400A41071 /* Debug */ = {
			isa = XCBuildConfiguration;
			buildSettings = {
				ALWAYS_SEARCH_USER_PATHS = NO;
				CLANG_ANALYZER_NONNULL = YES;
				CLANG_ANALYZER_NUMBER_OBJECT_CONVERSION = YES_AGGRESSIVE;
				CLANG_CXX_LANGUAGE_STANDARD = "gnu++20";
				CLANG_ENABLE_MODULES = YES;
				CLANG_ENABLE_OBJC_ARC = YES;
				CLANG_ENABLE_OBJC_WEAK = YES;
				CLANG_WARN_BLOCK_CAPTURE_AUTORELEASING = YES;
				CLANG_WARN_BOOL_CONVERSION = YES;
				CLANG_WARN_COMMA = YES;
				CLANG_WARN_CONSTANT_CONVERSION = YES;
				CLANG_WARN_DEPRECATED_OBJC_IMPLEMENTATIONS = YES;
				CLANG_WARN_DIRECT_OBJC_ISA_USAGE = YES_ERROR;
				CLANG_WARN_DOCUMENTATION_COMMENTS = YES;
				CLANG_WARN_EMPTY_BODY = YES;
				CLANG_WARN_ENUM_CONVERSION = YES;
				CLANG_WARN_INFINITE_RECURSION = YES;
				CLANG_WARN_INT_CONVERSION = YES;
				CLANG_WARN_NON_LITERAL_NULL_CONVERSION = YES;
				CLANG_WARN_OBJC_IMPLICIT_RETAIN_SELF = YES;
				CLANG_WARN_OBJC_LITERAL_CONVERSION = YES;
				CLANG_WARN_OBJC_ROOT_CLASS = YES_ERROR;
				CLANG_WARN_QUOTED_INCLUDE_IN_FRAMEWORK_HEADER = YES;
				CLANG_WARN_RANGE_LOOP_ANALYSIS = YES;
				CLANG_WARN_STRICT_PROTOTYPES = YES;
				CLANG_WARN_SUSPICIOUS_MOVE = YES;
				CLANG_WARN_UNGUARDED_AVAILABILITY = YES_AGGRESSIVE;
				CLANG_WARN_UNREACHABLE_CODE = YES;
				CLANG_WARN__DUPLICATE_METHOD_MATCH = YES;
				COPY_PHASE_STRIP = NO;
				DEBUG_INFORMATION_FORMAT = dwarf;
				ENABLE_STRICT_OBJC_MSGSEND = YES;
				ENABLE_TESTABILITY = YES;
				GCC_C_LANGUAGE_STANDARD = gnu11;
				GCC_DYNAMIC_NO_PIC = NO;
				GCC_NO_COMMON_BLOCKS = YES;
				GCC_OPTIMIZATION_LEVEL = 0;
				GCC_PREPROCESSOR_DEFINITIONS = (
					"DEBUG=1",
					"$(inherited)",
				);
				GCC_WARN_64_TO_32_BIT_CONVERSION = YES;
				GCC_WARN_ABOUT_RETURN_TYPE = YES_ERROR;
				GCC_WARN_UNDECLARED_SELECTOR = YES;
				GCC_WARN_UNINITIALIZED_AUTOS = YES_AGGRESSIVE;
				GCC_WARN_UNUSED_FUNCTION = YES;
				GCC_WARN_UNUSED_VARIABLE = YES;
				IPHONEOS_DEPLOYMENT_TARGET = 16.2;
				MTL_ENABLE_DEBUG_INFO = INCLUDE_SOURCE;
				MTL_FAST_MATH = YES;
				ONLY_ACTIVE_ARCH = YES;
				SDKROOT = iphoneos;
				SWIFT_ACTIVE_COMPILATION_CONDITIONS = DEBUG;
				SWIFT_OPTIMIZATION_LEVEL = "-Onone";
			};
			name = Debug;
		};
		5630D98D29D2B61400A41071 /* Release */ = {
			isa = XCBuildConfiguration;
			buildSettings = {
				ALWAYS_SEARCH_USER_PATHS = NO;
				CLANG_ANALYZER_NONNULL = YES;
				CLANG_ANALYZER_NUMBER_OBJECT_CONVERSION = YES_AGGRESSIVE;
				CLANG_CXX_LANGUAGE_STANDARD = "gnu++20";
				CLANG_ENABLE_MODULES = YES;
				CLANG_ENABLE_OBJC_ARC = YES;
				CLANG_ENABLE_OBJC_WEAK = YES;
				CLANG_WARN_BLOCK_CAPTURE_AUTORELEASING = YES;
				CLANG_WARN_BOOL_CONVERSION = YES;
				CLANG_WARN_COMMA = YES;
				CLANG_WARN_CONSTANT_CONVERSION = YES;
				CLANG_WARN_DEPRECATED_OBJC_IMPLEMENTATIONS = YES;
				CLANG_WARN_DIRECT_OBJC_ISA_USAGE = YES_ERROR;
				CLANG_WARN_DOCUMENTATION_COMMENTS = YES;
				CLANG_WARN_EMPTY_BODY = YES;
				CLANG_WARN_ENUM_CONVERSION = YES;
				CLANG_WARN_INFINITE_RECURSION = YES;
				CLANG_WARN_INT_CONVERSION = YES;
				CLANG_WARN_NON_LITERAL_NULL_CONVERSION = YES;
				CLANG_WARN_OBJC_IMPLICIT_RETAIN_SELF = YES;
				CLANG_WARN_OBJC_LITERAL_CONVERSION = YES;
				CLANG_WARN_OBJC_ROOT_CLASS = YES_ERROR;
				CLANG_WARN_QUOTED_INCLUDE_IN_FRAMEWORK_HEADER = YES;
				CLANG_WARN_RANGE_LOOP_ANALYSIS = YES;
				CLANG_WARN_STRICT_PROTOTYPES = YES;
				CLANG_WARN_SUSPICIOUS_MOVE = YES;
				CLANG_WARN_UNGUARDED_AVAILABILITY = YES_AGGRESSIVE;
				CLANG_WARN_UNREACHABLE_CODE = YES;
				CLANG_WARN__DUPLICATE_METHOD_MATCH = YES;
				COPY_PHASE_STRIP = NO;
				DEBUG_INFORMATION_FORMAT = "dwarf-with-dsym";
				ENABLE_NS_ASSERTIONS = NO;
				ENABLE_STRICT_OBJC_MSGSEND = YES;
				GCC_C_LANGUAGE_STANDARD = gnu11;
				GCC_NO_COMMON_BLOCKS = YES;
				GCC_WARN_64_TO_32_BIT_CONVERSION = YES;
				GCC_WARN_ABOUT_RETURN_TYPE = YES_ERROR;
				GCC_WARN_UNDECLARED_SELECTOR = YES;
				GCC_WARN_UNINITIALIZED_AUTOS = YES_AGGRESSIVE;
				GCC_WARN_UNUSED_FUNCTION = YES;
				GCC_WARN_UNUSED_VARIABLE = YES;
				IPHONEOS_DEPLOYMENT_TARGET = 16.2;
				MTL_ENABLE_DEBUG_INFO = NO;
				MTL_FAST_MATH = YES;
				SDKROOT = iphoneos;
				SWIFT_COMPILATION_MODE = wholemodule;
				SWIFT_OPTIMIZATION_LEVEL = "-O";
				VALIDATE_PRODUCT = YES;
			};
			name = Release;
		};
		5630D98F29D2B61400A41071 /* Debug */ = {
			isa = XCBuildConfiguration;
			buildSettings = {
				ASSETCATALOG_COMPILER_APPICON_NAME = AppIcon;
				ASSETCATALOG_COMPILER_GLOBAL_ACCENT_COLOR_NAME = AccentColor;
				CODE_SIGN_STYLE = Automatic;
				CURRENT_PROJECT_VERSION = 1;
				DEVELOPMENT_ASSET_PATHS = "\"Cafe/Preview Content\"";
				DEVELOPMENT_TEAM = K6S94WMQ9X;
				ENABLE_PREVIEWS = YES;
				GENERATE_INFOPLIST_FILE = YES;
				INFOPLIST_KEY_UIApplicationSceneManifest_Generation = YES;
				INFOPLIST_KEY_UIApplicationSupportsIndirectInputEvents = YES;
				INFOPLIST_KEY_UILaunchScreen_Generation = YES;
				INFOPLIST_KEY_UISupportedInterfaceOrientations_iPad = "UIInterfaceOrientationPortrait UIInterfaceOrientationPortraitUpsideDown UIInterfaceOrientationLandscapeLeft UIInterfaceOrientationLandscapeRight";
				INFOPLIST_KEY_UISupportedInterfaceOrientations_iPhone = "UIInterfaceOrientationPortrait UIInterfaceOrientationLandscapeLeft UIInterfaceOrientationLandscapeRight";
				LD_RUNPATH_SEARCH_PATHS = (
					"$(inherited)",
					"@executable_path/Frameworks",
				);
				MARKETING_VERSION = 1.0;
				PRODUCT_BUNDLE_IDENTIFIER = net.park.Cafe;
				PRODUCT_NAME = "$(TARGET_NAME)";
				SWIFT_EMIT_LOC_STRINGS = YES;
				SWIFT_VERSION = 5.0;
				TARGETED_DEVICE_FAMILY = "1,2";
			};
			name = Debug;
		};
		5630D99029D2B61400A41071 /* Release */ = {
			isa = XCBuildConfiguration;
			buildSettings = {
				ASSETCATALOG_COMPILER_APPICON_NAME = AppIcon;
				ASSETCATALOG_COMPILER_GLOBAL_ACCENT_COLOR_NAME = AccentColor;
				CODE_SIGN_STYLE = Automatic;
				CURRENT_PROJECT_VERSION = 1;
				DEVELOPMENT_ASSET_PATHS = "\"Cafe/Preview Content\"";
				DEVELOPMENT_TEAM = K6S94WMQ9X;
				ENABLE_PREVIEWS = YES;
				GENERATE_INFOPLIST_FILE = YES;
				INFOPLIST_KEY_UIApplicationSceneManifest_Generation = YES;
				INFOPLIST_KEY_UIApplicationSupportsIndirectInputEvents = YES;
				INFOPLIST_KEY_UILaunchScreen_Generation = YES;
				INFOPLIST_KEY_UISupportedInterfaceOrientations_iPad = "UIInterfaceOrientationPortrait UIInterfaceOrientationPortraitUpsideDown UIInterfaceOrientationLandscapeLeft UIInterfaceOrientationLandscapeRight";
				INFOPLIST_KEY_UISupportedInterfaceOrientations_iPhone = "UIInterfaceOrientationPortrait UIInterfaceOrientationLandscapeLeft UIInterfaceOrientationLandscapeRight";
				LD_RUNPATH_SEARCH_PATHS = (
					"$(inherited)",
					"@executable_path/Frameworks",
				);
				MARKETING_VERSION = 1.0;
				PRODUCT_BUNDLE_IDENTIFIER = net.park.Cafe;
				PRODUCT_NAME = "$(TARGET_NAME)";
				SWIFT_EMIT_LOC_STRINGS = YES;
				SWIFT_VERSION = 5.0;
				TARGETED_DEVICE_FAMILY = "1,2";
			};
			name = Release;
		};
/* End XCBuildConfiguration section */

/* Begin XCConfigurationList section */
		5630D97B29D2B61300A41071 /* Build configuration list for PBXProject "Cafe" */ = {
			isa = XCConfigurationList;
			buildConfigurations = (
				5630D98C29D2B61400A41071 /* Debug */,
				5630D98D29D2B61400A41071 /* Release */,
			);
			defaultConfigurationIsVisible = 0;
			defaultConfigurationName = Release;
		};
		5630D98E29D2B61400A41071 /* Build configuration list for PBXNativeTarget "Cafe" */ = {
			isa = XCConfigurationList;
			buildConfigurations = (
				5630D98F29D2B61400A41071 /* Debug */,
				5630D99029D2B61400A41071 /* Release */,
			);
			defaultConfigurationIsVisible = 0;
			defaultConfigurationName = Release;
		};
/* End XCConfigurationList section */
	};
	rootObject = 5630D97829D2B61300A41071 /* Project object */;
}
